github.com/google/uuid v1.2.0 h1:qJYtXnJRWmpe7m/3XlyhrsLrEURqHRM2kxzoxXqyUDs=
github.com/google/uuid v1.2.0/go.mod h1:TIyPZe4MgqvfeYDBFedMoGGpEw/LqOeaOT+nhxU+yHo=
github.com/hellcats88/abstracte v0.0.0-20210308123613-0064ef761d5b h1:cnRb57TO8aD/hHnflfLvkxJeSuyIMLL+for8f8ZPIeA=
github.com/hellcats88/abstracte v0.0.0-20210308123613-0064ef761d5b/go.mod h1:37JdHPR/3d1ng23oS/2VgSLrqbNvxaemu3EamORk6Nk=
